
Microsoft Visual Studio Solution File, Format Version 12.00
# Visual Studio Version 16
VisualStudioVersion = 16.0.29209.62
MinimumVisualStudioVersion = 10.0.40219.1
Project("{FAE04EC0-301F-11D3-BF4B-00C04F79EFBC}") = "AutoHostfile", "AutoHostfile\AutoHostfile.csproj", "{E7DA425D-505E-43E7-BAC7-6E691200B76F}"
EndProject
Project("{FAE04EC0-301F-11D3-BF4B-00C04F79EFBC}") = "AutoHostfileLib", "AutoHostfileLib\AutoHostfileLib.csproj", "{6EC82486-D6E2-4EA1-97EA-85C33370DE14}"
EndProject
Project("{FAE04EC0-301F-11D3-BF4B-00C04F79EFBC}") = "AutoHostfileService", "AutoHostfileService\AutoHostfileService.csproj", "{A943F68C-F7BC-4471-9E00-E919CCED62F0}"
EndProject
Project("{930C7802-8A8C-48F9-8165-68863BCCD9DD}") = "AutoHostfileInstaller", "AutoHostfileInstaller\AutoHostfileInstaller.wixproj", "{15957408-C32D-4FB5-9096-0F8B51D8C8A1}"
EndProject
Project("{FAE04EC0-301F-11D3-BF4B-00C04F79EFBC}") = "autohosts", "autohost\autohosts.csproj", "{77F026C2-434C-4909-8934-ABAB3CDF4447}"
EndProject
Project("{FAE04EC0-301F-11D3-BF4B-00C04F79EFBC}") = "AutoHostfileSettings", "AutoHostfileSettings\AutoHostfileSettings.csproj", "{2188908C-1F14-4AAF-8E0F-0B0B3DD4262D}"
EndProject
Project("{2150E333-8FDC-42A3-9474-1A3956D46DE8}") = "Solution Items", "Solution Items", "{7051E9E1-F808-45AB-A311-A6FC3E934ADF}"
	ProjectSection(SolutionItems) = preProject
		TODO.txt = TODO.txt
	EndProjectSection
EndProject
Project("{FAE04EC0-301F-11D3-BF4B-00C04F79EFBC}") = "AutoHostfileTests", "AutoHostfileTests\AutoHostfileTests.csproj", "{05FEABD9-18D8-4572-9B66-787F791B4437}"
EndProject
Global
	GlobalSection(SolutionConfigurationPlatforms) = preSolution
		Debug|Any CPU = Debug|Any CPU
		Debug|x86 = Debug|x86
		Release|Any CPU = Release|Any CPU
		Release|x86 = Release|x86
	EndGlobalSection
	GlobalSection(ProjectConfigurationPlatforms) = postSolution
		{E7DA425D-505E-43E7-BAC7-6E691200B76F}.Debug|Any CPU.ActiveCfg = Debug|Any CPU
		{E7DA425D-505E-43E7-BAC7-6E691200B76F}.Debug|Any CPU.Build.0 = Debug|Any CPU
		{E7DA425D-505E-43E7-BAC7-6E691200B76F}.Debug|x86.ActiveCfg = Debug|Any CPU
		{E7DA425D-505E-43E7-BAC7-6E691200B76F}.Debug|x86.Build.0 = Debug|Any CPU
		{E7DA425D-505E-43E7-BAC7-6E691200B76F}.Release|Any CPU.ActiveCfg = Release|Any CPU
		{E7DA425D-505E-43E7-BAC7-6E691200B76F}.Release|Any CPU.Build.0 = Release|Any CPU
		{E7DA425D-505E-43E7-BAC7-6E691200B76F}.Release|x86.ActiveCfg = Release|Any CPU
		{E7DA425D-505E-43E7-BAC7-6E691200B76F}.Release|x86.Build.0 = Release|Any CPU
		{6EC82486-D6E2-4EA1-97EA-85C33370DE14}.Debug|Any CPU.ActiveCfg = Debug|Any CPU
		{6EC82486-D6E2-4EA1-97EA-85C33370DE14}.Debug|Any CPU.Build.0 = Debug|Any CPU
		{6EC82486-D6E2-4EA1-97EA-85C33370DE14}.Debug|x86.ActiveCfg = Debug|Any CPU
		{6EC82486-D6E2-4EA1-97EA-85C33370DE14}.Debug|x86.Build.0 = Debug|Any CPU
		{6EC82486-D6E2-4EA1-97EA-85C33370DE14}.Release|Any CPU.ActiveCfg = Release|Any CPU
		{6EC82486-D6E2-4EA1-97EA-85C33370DE14}.Release|Any CPU.Build.0 = Release|Any CPU
		{6EC82486-D6E2-4EA1-97EA-85C33370DE14}.Release|x86.ActiveCfg = Release|Any CPU
		{6EC82486-D6E2-4EA1-97EA-85C33370DE14}.Release|x86.Build.0 = Release|Any CPU
		{A943F68C-F7BC-4471-9E00-E919CCED62F0}.Debug|Any CPU.ActiveCfg = Debug|Any CPU
		{A943F68C-F7BC-4471-9E00-E919CCED62F0}.Debug|Any CPU.Build.0 = Debug|Any CPU
		{A943F68C-F7BC-4471-9E00-E919CCED62F0}.Debug|x86.ActiveCfg = Debug|Any CPU
		{A943F68C-F7BC-4471-9E00-E919CCED62F0}.Debug|x86.Build.0 = Debug|Any CPU
		{A943F68C-F7BC-4471-9E00-E919CCED62F0}.Release|Any CPU.ActiveCfg = Release|Any CPU
		{A943F68C-F7BC-4471-9E00-E919CCED62F0}.Release|Any CPU.Build.0 = Release|Any CPU
		{A943F68C-F7BC-4471-9E00-E919CCED62F0}.Release|x86.ActiveCfg = Release|Any CPU
		{A943F68C-F7BC-4471-9E00-E919CCED62F0}.Release|x86.Build.0 = Release|Any CPU
		{15957408-C32D-4FB5-9096-0F8B51D8C8A1}.Debug|Any CPU.ActiveCfg = Debug|x86
		{15957408-C32D-4FB5-9096-0F8B51D8C8A1}.Debug|Any CPU.Build.0 = Debug|x86
		{15957408-C32D-4FB5-9096-0F8B51D8C8A1}.Debug|x86.ActiveCfg = Debug|x86
		{15957408-C32D-4FB5-9096-0F8B51D8C8A1}.Debug|x86.Build.0 = Debug|x86
		{15957408-C32D-4FB5-9096-0F8B51D8C8A1}.Release|Any CPU.ActiveCfg = Release|x86
		{15957408-C32D-4FB5-9096-0F8B51D8C8A1}.Release|Any CPU.Build.0 = Release|x86
		{15957408-C32D-4FB5-9096-0F8B51D8C8A1}.Release|x86.ActiveCfg = Release|x86
		{15957408-C32D-4FB5-9096-0F8B51D8C8A1}.Release|x86.Build.0 = Release|x86
		{77F026C2-434C-4909-8934-ABAB3CDF4447}.Debug|Any CPU.ActiveCfg = Debug|Any CPU
		{77F026C2-434C-4909-8934-ABAB3CDF4447}.Debug|Any CPU.Build.0 = Debug|Any CPU
		{77F026C2-434C-4909-8934-ABAB3CDF4447}.Debug|x86.ActiveCfg = Debug|Any CPU
		{77F026C2-434C-4909-8934-ABAB3CDF4447}.Debug|x86.Build.0 = Debug|Any CPU
		{77F026C2-434C-4909-8934-ABAB3CDF4447}.Release|Any CPU.ActiveCfg = Release|Any CPU
		{77F026C2-434C-4909-8934-ABAB3CDF4447}.Release|Any CPU.Build.0 = Release|Any CPU
		{77F026C2-434C-4909-8934-ABAB3CDF4447}.Release|x86.ActiveCfg = Release|Any CPU
		{77F026C2-434C-4909-8934-ABAB3CDF4447}.Release|x86.Build.0 = Release|Any CPU
		{2188908C-1F14-4AAF-8E0F-0B0B3DD4262D}.Debug|Any CPU.ActiveCfg = Debug|Any CPU
		{2188908C-1F14-4AAF-8E0F-0B0B3DD4262D}.Debug|Any CPU.Build.0 = Debug|Any CPU
		{2188908C-1F14-4AAF-8E0F-0B0B3DD4262D}.Debug|x86.ActiveCfg = Debug|Any CPU
		{2188908C-1F14-4AAF-8E0F-0B0B3DD4262D}.Debug|x86.Build.0 = Debug|Any CPU
		{2188908C-1F14-4AAF-8E0F-0B0B3DD4262D}.Release|Any CPU.ActiveCfg = Release|Any CPU
		{2188908C-1F14-4AAF-8E0F-0B0B3DD4262D}.Release|Any CPU.Build.0 = Release|Any CPU
		{2188908C-1F14-4AAF-8E0F-0B0B3DD4262D}.Release|x86.ActiveCfg = Release|Any CPU
		{2188908C-1F14-4AAF-8E0F-0B0B3DD4262D}.Release|x86.Build.0 = Release|Any CPU
		{05FEABD9-18D8-4572-9B66-787F791B4437}.Debug|Any CPU.ActiveCfg = Debug|Any CPU
		{05FEABD9-18D8-4572-9B66-787F791B4437}.Debug|Any CPU.Build.0 = Debug|Any CPU
		{05FEABD9-18D8-4572-9B66-787F791B4437}.Debug|x86.ActiveCfg = Debug|Any CPU
		{05FEABD9-18D8-4572-9B66-787F791B4437}.Debug|x86.Build.0 = Debug|Any CPU
		{05FEABD9-18D8-4572-9B66-787F791B4437}.Release|Any CPU.ActiveCfg = Release|Any CPU
		{05FEABD9-18D8-4572-9B66-787F791B4437}.Release|Any CPU.Build.0 = Release|Any CPU
		{05FEABD9-18D8-4572-9B66-787F791B4437}.Release|x86.ActiveCfg = Release|Any CPU
		{05FEABD9-18D8-4572-9B66-787F791B4437}.Release|x86.Build.0 = Release|Any CPU
	EndGlobalSection
	GlobalSection(SolutionProperties) = preSolution
		HideSolutionNode = FALSE
	EndGlobalSection
	GlobalSection(ExtensibilityGlobals) = postSolution
		SolutionGuid = {690A1EB5-2BDB-48EC-B9D9-6A5A09D0D84B}
	EndGlobalSection
EndGlobal
